
Microsoft Visual Studio Solution File, Format Version 12.00
# Visual Studio Version 16
VisualStudioVersion = 16.0.31129.286
MinimumVisualStudioVersion = 10.0.40219.1
Project("{FAE04EC0-301F-11D3-BF4B-00C04F79EFBC}") = "WebApplication1", "WebApplication1\WebApplication1.csproj", "{745C41FC-AB98-4C5B-BCA3-31826045B27B}"
EndProject
Global
	GlobalSection(SolutionConfigurationPlatforms) = preSolution
		Debug|Any CPU = Debug|Any CPU
		Release|Any CPU = Release|Any CPU
	EndGlobalSection
	GlobalSection(ProjectConfigurationPlatforms) = postSolution
		{745C41FC-AB98-4C5B-BCA3-31826045B27B}.Debug|Any CPU.ActiveCfg = Debug|Any CPU
		{745C41FC-AB98-4C5B-BCA3-31826045B27B}.Debug|Any CPU.Build.0 = Debug|Any CPU
		{745C41FC-AB98-4C5B-BCA3-31826045B27B}.Release|Any CPU.ActiveCfg = Release|Any CPU
		{745C41FC-AB98-4C5B-BCA3-31826045B27B}.Release|Any CPU.Build.0 = Release|Any CPU
	EndGlobalSection
	GlobalSection(SolutionProperties) = preSolution
		HideSolutionNode = FALSE
	EndGlobalSection
	GlobalSection(ExtensibilityGlobals) = postSolution
		SolutionGuid = {851651CC-0A4D-4FF7-9231-E6247FED794A}
	EndGlobalSection
EndGlobal
